// !$*UTF8*$!
{
	archiveVersion = 1;
	classes = {
	};
	objectVersion = 56;
	objects = {

/* Begin PBXBuildFile section */
		FA1BB89E29AC0D460057C7A4 /* AreaRow.swift in Sources */ = {isa = PBXBuildFile; fileRef = FA1BB89D29AC0D460057C7A4 /* AreaRow.swift */; };
		FA1BB8A029AC0D5F0057C7A4 /* AreaRowModel.swift in Sources */ = {isa = PBXBuildFile; fileRef = FA1BB89F29AC0D5F0057C7A4 /* AreaRowModel.swift */; };
		FA1BB8AC29AC10D70057C7A4 /* UIViewController+Parent.swift in Sources */ = {isa = PBXBuildFile; fileRef = FA1BB8AB29AC10D70057C7A4 /* UIViewController+Parent.swift */; };
		FA1BB8B129ACF3810057C7A4 /* Area.swift in Sources */ = {isa = PBXBuildFile; fileRef = FA1BB8B029ACF3810057C7A4 /* Area.swift */; };
		FA1C32D929AE2F0200C95D69 /* PackageRow.swift in Sources */ = {isa = PBXBuildFile; fileRef = FA1C32D829AE2F0200C95D69 /* PackageRow.swift */; };
		FA1C32DB29AE2F0C00C95D69 /* PackageRowModel.swift in Sources */ = {isa = PBXBuildFile; fileRef = FA1C32DA29AE2F0C00C95D69 /* PackageRowModel.swift */; };
		FA1C32E029AE33B100C95D69 /* Color+Hex.swift in Sources */ = {isa = PBXBuildFile; fileRef = FA1C32DF29AE33B100C95D69 /* Color+Hex.swift */; };
		FA1C32E529AEA0FC00C95D69 /* ConfirmationButtonStyle.swift in Sources */ = {isa = PBXBuildFile; fileRef = FA1C32E429AEA0FC00C95D69 /* ConfirmationButtonStyle.swift */; };
		FA1C32EA29AF623300C95D69 /* OffsetPreferenceKey.swift in Sources */ = {isa = PBXBuildFile; fileRef = FA1C32E929AF623300C95D69 /* OffsetPreferenceKey.swift */; };
		FA1C32EC29AF762200C95D69 /* UINavigationBar+Shadow.swift in Sources */ = {isa = PBXBuildFile; fileRef = FA1C32EB29AF762200C95D69 /* UINavigationBar+Shadow.swift */; };
		FA49C14529A9F70B00CE1867 /* AppDelegate.swift in Sources */ = {isa = PBXBuildFile; fileRef = FA49C14429A9F70B00CE1867 /* AppDelegate.swift */; };
		FA49C14729A9F70B00CE1867 /* SceneDelegate.swift in Sources */ = {isa = PBXBuildFile; fileRef = FA49C14629A9F70B00CE1867 /* SceneDelegate.swift */; };
		FA49C14E29A9F70F00CE1867 /* Assets.xcassets in Resources */ = {isa = PBXBuildFile; fileRef = FA49C14D29A9F70F00CE1867 /* Assets.xcassets */; };
		FA49C15129A9F70F00CE1867 /* LaunchScreen.storyboard in Resources */ = {isa = PBXBuildFile; fileRef = FA49C14F29A9F70F00CE1867 /* LaunchScreen.storyboard */; };
		FA49C16229AA04AD00CE1867 /* IBMPlexSans-Regular.ttf in Resources */ = {isa = PBXBuildFile; fileRef = FA49C15F29AA04AD00CE1867 /* IBMPlexSans-Regular.ttf */; };
		FA49C16329AA04AD00CE1867 /* IBMPlexSans-Medium.ttf in Resources */ = {isa = PBXBuildFile; fileRef = FA49C16029AA04AD00CE1867 /* IBMPlexSans-Medium.ttf */; };
		FA49C16429AA04AD00CE1867 /* IBMPlexSans-SemiBold.ttf in Resources */ = {isa = PBXBuildFile; fileRef = FA49C16129AA04AD00CE1867 /* IBMPlexSans-SemiBold.ttf */; };
		FA49C16929AA18D400CE1867 /* TabBarController.swift in Sources */ = {isa = PBXBuildFile; fileRef = FA49C16829AA18D400CE1867 /* TabBarController.swift */; };
		FA49C17229AA1F1C00CE1867 /* Fonts.swift in Sources */ = {isa = PBXBuildFile; fileRef = FA49C17129AA1F1C00CE1867 /* Fonts.swift */; };
		FA49C17929AA261200CE1867 /* Images.swift in Sources */ = {isa = PBXBuildFile; fileRef = FA49C17829AA261200CE1867 /* Images.swift */; };
		FA49C17E29AA2F0700CE1867 /* Colors.swift in Sources */ = {isa = PBXBuildFile; fileRef = FA49C17D29AA2F0700CE1867 /* Colors.swift */; };
		FA49C18229AA319B00CE1867 /* StoreViewModel.swift in Sources */ = {isa = PBXBuildFile; fileRef = FA49C18129AA319B00CE1867 /* StoreViewModel.swift */; };
		FA49C18429AA31A600CE1867 /* StoreViewController.swift in Sources */ = {isa = PBXBuildFile; fileRef = FA49C18329AA31A600CE1867 /* StoreViewController.swift */; };
		FA49C18629AA31AD00CE1867 /* StoreView.swift in Sources */ = {isa = PBXBuildFile; fileRef = FA49C18529AA31AD00CE1867 /* StoreView.swift */; };
		FA49C18829AA34E300CE1867 /* StoreFlowModuleFactory.swift in Sources */ = {isa = PBXBuildFile; fileRef = FA49C18729AA34E300CE1867 /* StoreFlowModuleFactory.swift */; };
		FA49C18C29AA37B400CE1867 /* BaseRouter.swift in Sources */ = {isa = PBXBuildFile; fileRef = FA49C18B29AA37B400CE1867 /* BaseRouter.swift */; };
		FA49C18E29AA37C800CE1867 /* Presentable.swift in Sources */ = {isa = PBXBuildFile; fileRef = FA49C18D29AA37C800CE1867 /* Presentable.swift */; };
		FA49C19029AA398900CE1867 /* BaseCoordinator.swift in Sources */ = {isa = PBXBuildFile; fileRef = FA49C18F29AA398900CE1867 /* BaseCoordinator.swift */; };
		FA49C19429AA3EC500CE1867 /* CoordinatorFactory.swift in Sources */ = {isa = PBXBuildFile; fileRef = FA49C19329AA3EC500CE1867 /* CoordinatorFactory.swift */; };
		FA49C19629AA3FE800CE1867 /* TabBarFlowCoordinator.swift in Sources */ = {isa = PBXBuildFile; fileRef = FA49C19529AA3FE800CE1867 /* TabBarFlowCoordinator.swift */; };
		FA49C19829AA409C00CE1867 /* TabBarModuleFactory.swift in Sources */ = {isa = PBXBuildFile; fileRef = FA49C19729AA409C00CE1867 /* TabBarModuleFactory.swift */; };
		FA49C19A29AA458700CE1867 /* StoreFlowCoordinator.swift in Sources */ = {isa = PBXBuildFile; fileRef = FA49C19929AA458700CE1867 /* StoreFlowCoordinator.swift */; };
		FA49C19F29AABF5200CE1867 /* NavigationController.swift in Sources */ = {isa = PBXBuildFile; fileRef = FA49C19E29AABF5200CE1867 /* NavigationController.swift */; };
		FA5F157D29AB57F4005083A1 /* ServiceFactory.swift in Sources */ = {isa = PBXBuildFile; fileRef = FA5F157C29AB57F4005083A1 /* ServiceFactory.swift */; };
		FA5F158029AB580E005083A1 /* NetworkClient.swift in Sources */ = {isa = PBXBuildFile; fileRef = FA5F157F29AB580E005083A1 /* NetworkClient.swift */; };
		FA5F158D29AB5D04005083A1 /* NetworkClientError.swift in Sources */ = {isa = PBXBuildFile; fileRef = FA5F158C29AB5D04005083A1 /* NetworkClientError.swift */; };
		FA5F159029AB631F005083A1 /* CountryService.swift in Sources */ = {isa = PBXBuildFile; fileRef = FA5F158F29AB631F005083A1 /* CountryService.swift */; };
		FA5F159529AB6441005083A1 /* ImageData.swift in Sources */ = {isa = PBXBuildFile; fileRef = FA5F159429AB6441005083A1 /* ImageData.swift */; };
		FA5F159A29AB6B13005083A1 /* RegionService.swift in Sources */ = {isa = PBXBuildFile; fileRef = FA5F159929AB6B13005083A1 /* RegionService.swift */; };
		FA5F159C29AB6D9A005083A1 /* Package.swift in Sources */ = {isa = PBXBuildFile; fileRef = FA5F159B29AB6D9A005083A1 /* Package.swift */; };
		FA5F159E29AB6EE9005083A1 /* Operator.swift in Sources */ = {isa = PBXBuildFile; fileRef = FA5F159D29AB6EE9005083A1 /* Operator.swift */; };
		FA5F15A029AB70D2005083A1 /* OperatorStyle.swift in Sources */ = {isa = PBXBuildFile; fileRef = FA5F159F29AB70D2005083A1 /* OperatorStyle.swift */; };
/* End PBXBuildFile section */

/* Begin PBXFileReference section */
		FA1BB89D29AC0D460057C7A4 /* AreaRow.swift */ = {isa = PBXFileReference; lastKnownFileType = sourcecode.swift; path = AreaRow.swift; sourceTree = "<group>"; };
		FA1BB89F29AC0D5F0057C7A4 /* AreaRowModel.swift */ = {isa = PBXFileReference; lastKnownFileType = sourcecode.swift; path = AreaRowModel.swift; sourceTree = "<group>"; };
		FA1BB8AB29AC10D70057C7A4 /* UIViewController+Parent.swift */ = {isa = PBXFileReference; lastKnownFileType = sourcecode.swift; path = "UIViewController+Parent.swift"; sourceTree = "<group>"; };
		FA1BB8B029ACF3810057C7A4 /* Area.swift */ = {isa = PBXFileReference; lastKnownFileType = sourcecode.swift; path = Area.swift; sourceTree = "<group>"; };
		FA1C32D829AE2F0200C95D69 /* PackageRow.swift */ = {isa = PBXFileReference; lastKnownFileType = sourcecode.swift; path = PackageRow.swift; sourceTree = "<group>"; };
		FA1C32DA29AE2F0C00C95D69 /* PackageRowModel.swift */ = {isa = PBXFileReference; lastKnownFileType = sourcecode.swift; path = PackageRowModel.swift; sourceTree = "<group>"; };
		FA1C32DF29AE33B100C95D69 /* Color+Hex.swift */ = {isa = PBXFileReference; lastKnownFileType = sourcecode.swift; path = "Color+Hex.swift"; sourceTree = "<group>"; };
		FA1C32E429AEA0FC00C95D69 /* ConfirmationButtonStyle.swift */ = {isa = PBXFileReference; lastKnownFileType = sourcecode.swift; path = ConfirmationButtonStyle.swift; sourceTree = "<group>"; };
		FA1C32E929AF623300C95D69 /* OffsetPreferenceKey.swift */ = {isa = PBXFileReference; lastKnownFileType = sourcecode.swift; path = OffsetPreferenceKey.swift; sourceTree = "<group>"; };
		FA1C32EB29AF762200C95D69 /* UINavigationBar+Shadow.swift */ = {isa = PBXFileReference; lastKnownFileType = sourcecode.swift; path = "UINavigationBar+Shadow.swift"; sourceTree = "<group>"; };
		FA49C14129A9F70B00CE1867 /* Airalo.app */ = {isa = PBXFileReference; explicitFileType = wrapper.application; includeInIndex = 0; path = Airalo.app; sourceTree = BUILT_PRODUCTS_DIR; };
		FA49C14429A9F70B00CE1867 /* AppDelegate.swift */ = {isa = PBXFileReference; lastKnownFileType = sourcecode.swift; path = AppDelegate.swift; sourceTree = "<group>"; };
		FA49C14629A9F70B00CE1867 /* SceneDelegate.swift */ = {isa = PBXFileReference; lastKnownFileType = sourcecode.swift; path = SceneDelegate.swift; sourceTree = "<group>"; };
		FA49C14D29A9F70F00CE1867 /* Assets.xcassets */ = {isa = PBXFileReference; lastKnownFileType = folder.assetcatalog; path = Assets.xcassets; sourceTree = "<group>"; };
		FA49C15029A9F70F00CE1867 /* Base */ = {isa = PBXFileReference; lastKnownFileType = file.storyboard; name = Base; path = Base.lproj/LaunchScreen.storyboard; sourceTree = "<group>"; };
		FA49C15229A9F70F00CE1867 /* Info.plist */ = {isa = PBXFileReference; lastKnownFileType = text.plist.xml; path = Info.plist; sourceTree = "<group>"; };
		FA49C15F29AA04AD00CE1867 /* IBMPlexSans-Regular.ttf */ = {isa = PBXFileReference; lastKnownFileType = file; path = "IBMPlexSans-Regular.ttf"; sourceTree = "<group>"; };
		FA49C16029AA04AD00CE1867 /* IBMPlexSans-Medium.ttf */ = {isa = PBXFileReference; lastKnownFileType = file; path = "IBMPlexSans-Medium.ttf"; sourceTree = "<group>"; };
		FA49C16129AA04AD00CE1867 /* IBMPlexSans-SemiBold.ttf */ = {isa = PBXFileReference; lastKnownFileType = file; path = "IBMPlexSans-SemiBold.ttf"; sourceTree = "<group>"; };
		FA49C16829AA18D400CE1867 /* TabBarController.swift */ = {isa = PBXFileReference; lastKnownFileType = sourcecode.swift; path = TabBarController.swift; sourceTree = "<group>"; };
		FA49C17129AA1F1C00CE1867 /* Fonts.swift */ = {isa = PBXFileReference; lastKnownFileType = sourcecode.swift; path = Fonts.swift; sourceTree = "<group>"; };
		FA49C17829AA261200CE1867 /* Images.swift */ = {isa = PBXFileReference; lastKnownFileType = sourcecode.swift; path = Images.swift; sourceTree = "<group>"; };
		FA49C17D29AA2F0700CE1867 /* Colors.swift */ = {isa = PBXFileReference; lastKnownFileType = sourcecode.swift; path = Colors.swift; sourceTree = "<group>"; };
		FA49C18129AA319B00CE1867 /* StoreViewModel.swift */ = {isa = PBXFileReference; lastKnownFileType = sourcecode.swift; path = StoreViewModel.swift; sourceTree = "<group>"; };
		FA49C18329AA31A600CE1867 /* StoreViewController.swift */ = {isa = PBXFileReference; lastKnownFileType = sourcecode.swift; path = StoreViewController.swift; sourceTree = "<group>"; };
		FA49C18529AA31AD00CE1867 /* StoreView.swift */ = {isa = PBXFileReference; lastKnownFileType = sourcecode.swift; path = StoreView.swift; sourceTree = "<group>"; };
		FA49C18729AA34E300CE1867 /* StoreFlowModuleFactory.swift */ = {isa = PBXFileReference; lastKnownFileType = sourcecode.swift; path = StoreFlowModuleFactory.swift; sourceTree = "<group>"; };
		FA49C18B29AA37B400CE1867 /* BaseRouter.swift */ = {isa = PBXFileReference; lastKnownFileType = sourcecode.swift; path = BaseRouter.swift; sourceTree = "<group>"; };
		FA49C18D29AA37C800CE1867 /* Presentable.swift */ = {isa = PBXFileReference; lastKnownFileType = sourcecode.swift; path = Presentable.swift; sourceTree = "<group>"; };
		FA49C18F29AA398900CE1867 /* BaseCoordinator.swift */ = {isa = PBXFileReference; lastKnownFileType = sourcecode.swift; path = BaseCoordinator.swift; sourceTree = "<group>"; };
		FA49C19329AA3EC500CE1867 /* CoordinatorFactory.swift */ = {isa = PBXFileReference; lastKnownFileType = sourcecode.swift; path = CoordinatorFactory.swift; sourceTree = "<group>"; };
		FA49C19529AA3FE800CE1867 /* TabBarFlowCoordinator.swift */ = {isa = PBXFileReference; lastKnownFileType = sourcecode.swift; path = TabBarFlowCoordinator.swift; sourceTree = "<group>"; };
		FA49C19729AA409C00CE1867 /* TabBarModuleFactory.swift */ = {isa = PBXFileReference; lastKnownFileType = sourcecode.swift; path = TabBarModuleFactory.swift; sourceTree = "<group>"; };
		FA49C19929AA458700CE1867 /* StoreFlowCoordinator.swift */ = {isa = PBXFileReference; lastKnownFileType = sourcecode.swift; path = StoreFlowCoordinator.swift; sourceTree = "<group>"; };
		FA49C19E29AABF5200CE1867 /* NavigationController.swift */ = {isa = PBXFileReference; lastKnownFileType = sourcecode.swift; path = NavigationController.swift; sourceTree = "<group>"; };
		FA5F157C29AB57F4005083A1 /* ServiceFactory.swift */ = {isa = PBXFileReference; lastKnownFileType = sourcecode.swift; path = ServiceFactory.swift; sourceTree = "<group>"; };
		FA5F157F29AB580E005083A1 /* NetworkClient.swift */ = {isa = PBXFileReference; lastKnownFileType = sourcecode.swift; path = NetworkClient.swift; sourceTree = "<group>"; };
		FA5F158C29AB5D04005083A1 /* NetworkClientError.swift */ = {isa = PBXFileReference; lastKnownFileType = sourcecode.swift; path = NetworkClientError.swift; sourceTree = "<group>"; };
		FA5F158F29AB631F005083A1 /* CountryService.swift */ = {isa = PBXFileReference; lastKnownFileType = sourcecode.swift; path = CountryService.swift; sourceTree = "<group>"; };
		FA5F159429AB6441005083A1 /* ImageData.swift */ = {isa = PBXFileReference; lastKnownFileType = sourcecode.swift; path = ImageData.swift; sourceTree = "<group>"; };
		FA5F159929AB6B13005083A1 /* RegionService.swift */ = {isa = PBXFileReference; lastKnownFileType = sourcecode.swift; path = RegionService.swift; sourceTree = "<group>"; };
		FA5F159B29AB6D9A005083A1 /* Package.swift */ = {isa = PBXFileReference; lastKnownFileType = sourcecode.swift; path = Package.swift; sourceTree = "<group>"; };
		FA5F159D29AB6EE9005083A1 /* Operator.swift */ = {isa = PBXFileReference; lastKnownFileType = sourcecode.swift; path = Operator.swift; sourceTree = "<group>"; };
		FA5F159F29AB70D2005083A1 /* OperatorStyle.swift */ = {isa = PBXFileReference; lastKnownFileType = sourcecode.swift; path = OperatorStyle.swift; sourceTree = "<group>"; };
/* End PBXFileReference section */

/* Begin PBXFrameworksBuildPhase section */
		FA49C13E29A9F70B00CE1867 /* Frameworks */ = {
			isa = PBXFrameworksBuildPhase;
			buildActionMask = 2147483647;
			files = (
			);
			runOnlyForDeploymentPostprocessing = 0;
		};
/* End PBXFrameworksBuildPhase section */

/* Begin PBXGroup section */
		FA1BB89B29AC0CA10057C7A4 /* Rows */ = {
			isa = PBXGroup;
			children = (
				FA1BB89C29AC0CAA0057C7A4 /* AreaRow */,
				FA1C32D729AE2EDB00C95D69 /* PackageRow */,
			);
			path = Rows;
			sourceTree = "<group>";
		};
		FA1BB89C29AC0CAA0057C7A4 /* AreaRow */ = {
			isa = PBXGroup;
			children = (
				FA1BB89D29AC0D460057C7A4 /* AreaRow.swift */,
				FA1BB89F29AC0D5F0057C7A4 /* AreaRowModel.swift */,
			);
			path = AreaRow;
			sourceTree = "<group>";
		};
		FA1BB8AA29AC10BC0057C7A4 /* Extensions */ = {
			isa = PBXGroup;
			children = (
				FA1C32DF29AE33B100C95D69 /* Color+Hex.swift */,
				FA1C32EB29AF762200C95D69 /* UINavigationBar+Shadow.swift */,
				FA1BB8AB29AC10D70057C7A4 /* UIViewController+Parent.swift */,
			);
			path = Extensions;
			sourceTree = "<group>";
		};
		FA1C32D729AE2EDB00C95D69 /* PackageRow */ = {
			isa = PBXGroup;
			children = (
				FA1C32D829AE2F0200C95D69 /* PackageRow.swift */,
				FA1C32DA29AE2F0C00C95D69 /* PackageRowModel.swift */,
			);
			path = PackageRow;
			sourceTree = "<group>";
		};
		FA49C13829A9F70B00CE1867 = {
			isa = PBXGroup;
			children = (
				FA49C14329A9F70B00CE1867 /* Airalo */,
				FA49C14229A9F70B00CE1867 /* Products */,
			);
			sourceTree = "<group>";
		};
		FA49C14229A9F70B00CE1867 /* Products */ = {
			isa = PBXGroup;
			children = (
				FA49C14129A9F70B00CE1867 /* Airalo.app */,
			);
			name = Products;
			sourceTree = "<group>";
		};
		FA49C14329A9F70B00CE1867 /* Airalo */ = {
			isa = PBXGroup;
			children = (
				FA49C15B29A9FBE000CE1867 /* Application */,
				FA49C19D29AABF4000CE1867 /* Common */,
				FA1BB8AA29AC10BC0057C7A4 /* Extensions */,
				FA49C16629AA18B600CE1867 /* Flows */,
				FA49C18929AA378800CE1867 /* Helpers */,
				FA5F159129AB63B4005083A1 /* Models */,
				FA49C15C29A9FBFC00CE1867 /* Resources */,
				FA5F157B29AB57D8005083A1 /* Services */,
				FA49C17029AA1F0C00CE1867 /* Styles */,
			);
			path = Airalo;
			sourceTree = "<group>";
		};
		FA49C15B29A9FBE000CE1867 /* Application */ = {
			isa = PBXGroup;
			children = (
				FA49C14429A9F70B00CE1867 /* AppDelegate.swift */,
				FA49C14629A9F70B00CE1867 /* SceneDelegate.swift */,
				FA49C14F29A9F70F00CE1867 /* LaunchScreen.storyboard */,
			);
			path = Application;
			sourceTree = "<group>";
		};
		FA49C15C29A9FBFC00CE1867 /* Resources */ = {
			isa = PBXGroup;
			children = (
				FA49C14D29A9F70F00CE1867 /* Assets.xcassets */,
				FA49C15E29AA042D00CE1867 /* Fonts */,
				FA49C15229A9F70F00CE1867 /* Info.plist */,
			);
			path = Resources;
			sourceTree = "<group>";
		};
		FA49C15E29AA042D00CE1867 /* Fonts */ = {
			isa = PBXGroup;
			children = (
				FA49C16029AA04AD00CE1867 /* IBMPlexSans-Medium.ttf */,
				FA49C15F29AA04AD00CE1867 /* IBMPlexSans-Regular.ttf */,
				FA49C16129AA04AD00CE1867 /* IBMPlexSans-SemiBold.ttf */,
			);
			path = Fonts;
			sourceTree = "<group>";
		};
		FA49C16629AA18B600CE1867 /* Flows */ = {
			isa = PBXGroup;
			children = (
				FA49C19329AA3EC500CE1867 /* CoordinatorFactory.swift */,
				FA49C17F29AA312300CE1867 /* StoreFlow */,
				FA49C16729AA18BE00CE1867 /* TabBarFlow */,
			);
			path = Flows;
			sourceTree = "<group>";
		};
		FA49C16729AA18BE00CE1867 /* TabBarFlow */ = {
			isa = PBXGroup;
			children = (
				FA49C19529AA3FE800CE1867 /* TabBarFlowCoordinator.swift */,
				FA49C19729AA409C00CE1867 /* TabBarModuleFactory.swift */,
				FA49C16A29AA199F00CE1867 /* TabBarModule */,
			);
			path = TabBarFlow;
			sourceTree = "<group>";
		};
		FA49C16A29AA199F00CE1867 /* TabBarModule */ = {
			isa = PBXGroup;
			children = (
				FA49C16829AA18D400CE1867 /* TabBarController.swift */,
			);
			path = TabBarModule;
			sourceTree = "<group>";
		};
		FA49C17029AA1F0C00CE1867 /* Styles */ = {
			isa = PBXGroup;
			children = (
				FA49C17D29AA2F0700CE1867 /* Colors.swift */,
				FA49C17129AA1F1C00CE1867 /* Fonts.swift */,
				FA49C17829AA261200CE1867 /* Images.swift */,
			);
			path = Styles;
			sourceTree = "<group>";
		};
		FA49C17F29AA312300CE1867 /* StoreFlow */ = {
			isa = PBXGroup;
			children = (
				FA49C19929AA458700CE1867 /* StoreFlowCoordinator.swift */,
				FA49C18729AA34E300CE1867 /* StoreFlowModuleFactory.swift */,
				FA49C18029AA313A00CE1867 /* StoreModule */,
			);
			path = StoreFlow;
			sourceTree = "<group>";
		};
		FA49C18029AA313A00CE1867 /* StoreModule */ = {
			isa = PBXGroup;
			children = (
				FA49C18529AA31AD00CE1867 /* StoreView.swift */,
				FA49C18329AA31A600CE1867 /* StoreViewController.swift */,
				FA49C18129AA319B00CE1867 /* StoreViewModel.swift */,
				FA1BB89B29AC0CA10057C7A4 /* Rows */,
			);
			path = StoreModule;
			sourceTree = "<group>";
		};
		FA49C18929AA378800CE1867 /* Helpers */ = {
			isa = PBXGroup;
			children = (
				FA49C18A29AA379500CE1867 /* Coordinator */,
			);
			path = Helpers;
			sourceTree = "<group>";
		};
		FA49C18A29AA379500CE1867 /* Coordinator */ = {
			isa = PBXGroup;
			children = (
				FA49C18F29AA398900CE1867 /* BaseCoordinator.swift */,
				FA49C18B29AA37B400CE1867 /* BaseRouter.swift */,
				FA49C18D29AA37C800CE1867 /* Presentable.swift */,
			);
			path = Coordinator;
			sourceTree = "<group>";
		};
		FA49C19D29AABF4000CE1867 /* Common */ = {
			isa = PBXGroup;
			children = (
				FA1C32E429AEA0FC00C95D69 /* ConfirmationButtonStyle.swift */,
				FA49C19E29AABF5200CE1867 /* NavigationController.swift */,
				FA1C32E929AF623300C95D69 /* OffsetPreferenceKey.swift */,
			);
			path = Common;
			sourceTree = "<group>";
		};
		FA5F157B29AB57D8005083A1 /* Services */ = {
			isa = PBXGroup;
			children = (
				FA5F157C29AB57F4005083A1 /* ServiceFactory.swift */,
				FA5F157E29AB57F8005083A1 /* NetworkClient */,
				FA5F158E29AB62DE005083A1 /* CountryService */,
				FA5F159829AB6B01005083A1 /* RegionService */,
			);
			path = Services;
			sourceTree = "<group>";
		};
		FA5F157E29AB57F8005083A1 /* NetworkClient */ = {
			isa = PBXGroup;
			children = (
				FA5F157F29AB580E005083A1 /* NetworkClient.swift */,
				FA5F158C29AB5D04005083A1 /* NetworkClientError.swift */,
			);
			path = NetworkClient;
			sourceTree = "<group>";
		};
		FA5F158E29AB62DE005083A1 /* CountryService */ = {
			isa = PBXGroup;
			children = (
				FA5F158F29AB631F005083A1 /* CountryService.swift */,
			);
			path = CountryService;
			sourceTree = "<group>";
		};
		FA5F159129AB63B4005083A1 /* Models */ = {
			isa = PBXGroup;
			children = (
				FA1BB8B029ACF3810057C7A4 /* Area.swift */,
				FA5F159429AB6441005083A1 /* ImageData.swift */,
				FA5F159D29AB6EE9005083A1 /* Operator.swift */,
				FA5F159F29AB70D2005083A1 /* OperatorStyle.swift */,
				FA5F159B29AB6D9A005083A1 /* Package.swift */,
			);
			path = Models;
			sourceTree = "<group>";
		};
		FA5F159829AB6B01005083A1 /* RegionService */ = {
			isa = PBXGroup;
			children = (
				FA5F159929AB6B13005083A1 /* RegionService.swift */,
			);
			path = RegionService;
			sourceTree = "<group>";
		};
/* End PBXGroup section */

/* Begin PBXNativeTarget section */
		FA49C14029A9F70B00CE1867 /* Airalo */ = {
			isa = PBXNativeTarget;
			buildConfigurationList = FA49C15529A9F70F00CE1867 /* Build configuration list for PBXNativeTarget "Airalo" */;
			buildPhases = (
				FA49C13D29A9F70B00CE1867 /* Sources */,
				FA49C13E29A9F70B00CE1867 /* Frameworks */,
				FA49C13F29A9F70B00CE1867 /* Resources */,
			);
			buildRules = (
			);
			dependencies = (
			);
			name = Airalo;
			productName = Airalo;
			productReference = FA49C14129A9F70B00CE1867 /* Airalo.app */;
			productType = "com.apple.product-type.application";
		};
/* End PBXNativeTarget section */

/* Begin PBXProject section */
		FA49C13929A9F70B00CE1867 /* Project object */ = {
			isa = PBXProject;
			attributes = {
				BuildIndependentTargetsInParallel = 1;
				LastSwiftUpdateCheck = 1400;
				LastUpgradeCheck = 1400;
				TargetAttributes = {
					FA49C14029A9F70B00CE1867 = {
						CreatedOnToolsVersion = 14.0.1;
					};
				};
			};
			buildConfigurationList = FA49C13C29A9F70B00CE1867 /* Build configuration list for PBXProject "Airalo" */;
			compatibilityVersion = "Xcode 14.0";
			developmentRegion = en;
			hasScannedForEncodings = 0;
			knownRegions = (
				en,
				Base,
			);
			mainGroup = FA49C13829A9F70B00CE1867;
			productRefGroup = FA49C14229A9F70B00CE1867 /* Products */;
			projectDirPath = "";
			projectRoot = "";
			targets = (
				FA49C14029A9F70B00CE1867 /* Airalo */,
			);
		};
/* End PBXProject section */

/* Begin PBXResourcesBuildPhase section */
		FA49C13F29A9F70B00CE1867 /* Resources */ = {
			isa = PBXResourcesBuildPhase;
			buildActionMask = 2147483647;
			files = (
				FA49C15129A9F70F00CE1867 /* LaunchScreen.storyboard in Resources */,
				FA49C16229AA04AD00CE1867 /* IBMPlexSans-Regular.ttf in Resources */,
				FA49C16429AA04AD00CE1867 /* IBMPlexSans-SemiBold.ttf in Resources */,
				FA49C16329AA04AD00CE1867 /* IBMPlexSans-Medium.ttf in Resources */,
				FA49C14E29A9F70F00CE1867 /* Assets.xcassets in Resources */,
			);
			runOnlyForDeploymentPostprocessing = 0;
		};
/* End PBXResourcesBuildPhase section */

/* Begin PBXSourcesBuildPhase section */
		FA49C13D29A9F70B00CE1867 /* Sources */ = {
			isa = PBXSourcesBuildPhase;
			buildActionMask = 2147483647;
			files = (
				FA49C18429AA31A600CE1867 /* StoreViewController.swift in Sources */,
				FA5F159A29AB6B13005083A1 /* RegionService.swift in Sources */,
				FA49C19829AA409C00CE1867 /* TabBarModuleFactory.swift in Sources */,
				FA49C17229AA1F1C00CE1867 /* Fonts.swift in Sources */,
				FA5F15A029AB70D2005083A1 /* OperatorStyle.swift in Sources */,
				FA49C19029AA398900CE1867 /* BaseCoordinator.swift in Sources */,
				FA49C19A29AA458700CE1867 /* StoreFlowCoordinator.swift in Sources */,
				FA1C32E029AE33B100C95D69 /* Color+Hex.swift in Sources */,
				FA49C18229AA319B00CE1867 /* StoreViewModel.swift in Sources */,
				FA49C17E29AA2F0700CE1867 /* Colors.swift in Sources */,
				FA49C16929AA18D400CE1867 /* TabBarController.swift in Sources */,
				FA1BB8AC29AC10D70057C7A4 /* UIViewController+Parent.swift in Sources */,
				FA1C32D929AE2F0200C95D69 /* PackageRow.swift in Sources */,
				FA49C18E29AA37C800CE1867 /* Presentable.swift in Sources */,
				FA49C17929AA261200CE1867 /* Images.swift in Sources */,
				FA49C19429AA3EC500CE1867 /* CoordinatorFactory.swift in Sources */,
				FA1C32EA29AF623300C95D69 /* OffsetPreferenceKey.swift in Sources */,
				FA1C32DB29AE2F0C00C95D69 /* PackageRowModel.swift in Sources */,
				FA5F158029AB580E005083A1 /* NetworkClient.swift in Sources */,
				FA49C18829AA34E300CE1867 /* StoreFlowModuleFactory.swift in Sources */,
				FA49C18C29AA37B400CE1867 /* BaseRouter.swift in Sources */,
				FA1BB89E29AC0D460057C7A4 /* AreaRow.swift in Sources */,
				FA5F157D29AB57F4005083A1 /* ServiceFactory.swift in Sources */,
				FA49C19F29AABF5200CE1867 /* NavigationController.swift in Sources */,
				FA5F158D29AB5D04005083A1 /* NetworkClientError.swift in Sources */,
				FA1C32EC29AF762200C95D69 /* UINavigationBar+Shadow.swift in Sources */,
				FA1BB8A029AC0D5F0057C7A4 /* AreaRowModel.swift in Sources */,
				FA49C14529A9F70B00CE1867 /* AppDelegate.swift in Sources */,
				FA1C32E529AEA0FC00C95D69 /* ConfirmationButtonStyle.swift in Sources */,
				FA5F159C29AB6D9A005083A1 /* Package.swift in Sources */,
				FA5F159029AB631F005083A1 /* CountryService.swift in Sources */,
				FA49C18629AA31AD00CE1867 /* StoreView.swift in Sources */,
				FA49C19629AA3FE800CE1867 /* TabBarFlowCoordinator.swift in Sources */,
				FA5F159E29AB6EE9005083A1 /* Operator.swift in Sources */,
				FA49C14729A9F70B00CE1867 /* SceneDelegate.swift in Sources */,
				FA1BB8B129ACF3810057C7A4 /* Area.swift in Sources */,
				FA5F159529AB6441005083A1 /* ImageData.swift in Sources */,
			);
			runOnlyForDeploymentPostprocessing = 0;
		};
/* End PBXSourcesBuildPhase section */

/* Begin PBXVariantGroup section */
		FA49C14F29A9F70F00CE1867 /* LaunchScreen.storyboard */ = {
			isa = PBXVariantGroup;
			children = (
				FA49C15029A9F70F00CE1867 /* Base */,
			);
			name = LaunchScreen.storyboard;
			sourceTree = "<group>";
		};
/* End PBXVariantGroup section */

/* Begin XCBuildConfiguration section */
		FA49C15329A9F70F00CE1867 /* Debug */ = {
			isa = XCBuildConfiguration;
			buildSettings = {
				ALWAYS_SEARCH_USER_PATHS = NO;
				CLANG_ANALYZER_NONNULL = YES;
				CLANG_ANALYZER_NUMBER_OBJECT_CONVERSION = YES_AGGRESSIVE;
				CLANG_CXX_LANGUAGE_STANDARD = "gnu++20";
				CLANG_ENABLE_MODULES = YES;
				CLANG_ENABLE_OBJC_ARC = YES;
				CLANG_ENABLE_OBJC_WEAK = YES;
				CLANG_WARN_BLOCK_CAPTURE_AUTORELEASING = YES;
				CLANG_WARN_BOOL_CONVERSION = YES;
				CLANG_WARN_COMMA = YES;
				CLANG_WARN_CONSTANT_CONVERSION = YES;
				CLANG_WARN_DEPRECATED_OBJC_IMPLEMENTATIONS = YES;
				CLANG_WARN_DIRECT_OBJC_ISA_USAGE = YES_ERROR;
				CLANG_WARN_DOCUMENTATION_COMMENTS = YES;
				CLANG_WARN_EMPTY_BODY = YES;
				CLANG_WARN_ENUM_CONVERSION = YES;
				CLANG_WARN_INFINITE_RECURSION = YES;
				CLANG_WARN_INT_CONVERSION = YES;
				CLANG_WARN_NON_LITERAL_NULL_CONVERSION = YES;
				CLANG_WARN_OBJC_IMPLICIT_RETAIN_SELF = YES;
				CLANG_WARN_OBJC_LITERAL_CONVERSION = YES;
				CLANG_WARN_OBJC_ROOT_CLASS = YES_ERROR;
				CLANG_WARN_QUOTED_INCLUDE_IN_FRAMEWORK_HEADER = YES;
				CLANG_WARN_RANGE_LOOP_ANALYSIS = YES;
				CLANG_WARN_STRICT_PROTOTYPES = YES;
				CLANG_WARN_SUSPICIOUS_MOVE = YES;
				CLANG_WARN_UNGUARDED_AVAILABILITY = YES_AGGRESSIVE;
				CLANG_WARN_UNREACHABLE_CODE = YES;
				CLANG_WARN__DUPLICATE_METHOD_MATCH = YES;
				COPY_PHASE_STRIP = NO;
				DEBUG_INFORMATION_FORMAT = dwarf;
				ENABLE_STRICT_OBJC_MSGSEND = YES;
				ENABLE_TESTABILITY = YES;
				GCC_C_LANGUAGE_STANDARD = gnu11;
				GCC_DYNAMIC_NO_PIC = NO;
				GCC_NO_COMMON_BLOCKS = YES;
				GCC_OPTIMIZATION_LEVEL = 0;
				GCC_PREPROCESSOR_DEFINITIONS = (
					"DEBUG=1",
					"$(inherited)",
				);
				GCC_WARN_64_TO_32_BIT_CONVERSION = YES;
				GCC_WARN_ABOUT_RETURN_TYPE = YES_ERROR;
				GCC_WARN_UNDECLARED_SELECTOR = YES;
				GCC_WARN_UNINITIALIZED_AUTOS = YES_AGGRESSIVE;
				GCC_WARN_UNUSED_FUNCTION = YES;
				GCC_WARN_UNUSED_VARIABLE = YES;
				IPHONEOS_DEPLOYMENT_TARGET = 16.0;
				MTL_ENABLE_DEBUG_INFO = INCLUDE_SOURCE;
				MTL_FAST_MATH = YES;
				ONLY_ACTIVE_ARCH = YES;
				SDKROOT = iphoneos;
				SWIFT_ACTIVE_COMPILATION_CONDITIONS = DEBUG;
				SWIFT_OPTIMIZATION_LEVEL = "-Onone";
			};
			name = Debug;
		};
		FA49C15429A9F70F00CE1867 /* Release */ = {
			isa = XCBuildConfiguration;
			buildSettings = {
				ALWAYS_SEARCH_USER_PATHS = NO;
				CLANG_ANALYZER_NONNULL = YES;
				CLANG_ANALYZER_NUMBER_OBJECT_CONVERSION = YES_AGGRESSIVE;
				CLANG_CXX_LANGUAGE_STANDARD = "gnu++20";
				CLANG_ENABLE_MODULES = YES;
				CLANG_ENABLE_OBJC_ARC = YES;
				CLANG_ENABLE_OBJC_WEAK = YES;
				CLANG_WARN_BLOCK_CAPTURE_AUTORELEASING = YES;
				CLANG_WARN_BOOL_CONVERSION = YES;
				CLANG_WARN_COMMA = YES;
				CLANG_WARN_CONSTANT_CONVERSION = YES;
				CLANG_WARN_DEPRECATED_OBJC_IMPLEMENTATIONS = YES;
				CLANG_WARN_DIRECT_OBJC_ISA_USAGE = YES_ERROR;
				CLANG_WARN_DOCUMENTATION_COMMENTS = YES;
				CLANG_WARN_EMPTY_BODY = YES;
				CLANG_WARN_ENUM_CONVERSION = YES;
				CLANG_WARN_INFINITE_RECURSION = YES;
				CLANG_WARN_INT_CONVERSION = YES;
				CLANG_WARN_NON_LITERAL_NULL_CONVERSION = YES;
				CLANG_WARN_OBJC_IMPLICIT_RETAIN_SELF = YES;
				CLANG_WARN_OBJC_LITERAL_CONVERSION = YES;
				CLANG_WARN_OBJC_ROOT_CLASS = YES_ERROR;
				CLANG_WARN_QUOTED_INCLUDE_IN_FRAMEWORK_HEADER = YES;
				CLANG_WARN_RANGE_LOOP_ANALYSIS = YES;
				CLANG_WARN_STRICT_PROTOTYPES = YES;
				CLANG_WARN_SUSPICIOUS_MOVE = YES;
				CLANG_WARN_UNGUARDED_AVAILABILITY = YES_AGGRESSIVE;
				CLANG_WARN_UNREACHABLE_CODE = YES;
				CLANG_WARN__DUPLICATE_METHOD_MATCH = YES;
				COPY_PHASE_STRIP = NO;
				DEBUG_INFORMATION_FORMAT = "dwarf-with-dsym";
				ENABLE_NS_ASSERTIONS = NO;
				ENABLE_STRICT_OBJC_MSGSEND = YES;
				GCC_C_LANGUAGE_STANDARD = gnu11;
				GCC_NO_COMMON_BLOCKS = YES;
				GCC_WARN_64_TO_32_BIT_CONVERSION = YES;
				GCC_WARN_ABOUT_RETURN_TYPE = YES_ERROR;
				GCC_WARN_UNDECLARED_SELECTOR = YES;
				GCC_WARN_UNINITIALIZED_AUTOS = YES_AGGRESSIVE;
				GCC_WARN_UNUSED_FUNCTION = YES;
				GCC_WARN_UNUSED_VARIABLE = YES;
				IPHONEOS_DEPLOYMENT_TARGET = 16.0;
				MTL_ENABLE_DEBUG_INFO = NO;
				MTL_FAST_MATH = YES;
				SDKROOT = iphoneos;
				SWIFT_COMPILATION_MODE = wholemodule;
				SWIFT_OPTIMIZATION_LEVEL = "-O";
				VALIDATE_PRODUCT = YES;
			};
			name = Release;
		};
		FA49C15629A9F70F00CE1867 /* Debug */ = {
			isa = XCBuildConfiguration;
			buildSettings = {
				ASSETCATALOG_COMPILER_APPICON_NAME = AppIcon;
				CODE_SIGN_STYLE = Automatic;
				CURRENT_PROJECT_VERSION = 1;
				DEVELOPMENT_TEAM = YY84LV8D84;
				GENERATE_INFOPLIST_FILE = YES;
				INFOPLIST_FILE = Airalo/Resources/Info.plist;
				INFOPLIST_KEY_UIApplicationSupportsIndirectInputEvents = YES;
				INFOPLIST_KEY_UILaunchStoryboardName = LaunchScreen;
				INFOPLIST_KEY_UISupportedInterfaceOrientations = UIInterfaceOrientationPortrait;
				INFOPLIST_KEY_UISupportedInterfaceOrientations_iPad = "UIInterfaceOrientationLandscapeLeft UIInterfaceOrientationLandscapeRight UIInterfaceOrientationPortrait UIInterfaceOrientationPortraitUpsideDown";
				LD_RUNPATH_SEARCH_PATHS = (
					"$(inherited)",
					"@executable_path/Frameworks",
				);
				MARKETING_VERSION = 1.0;
				PRODUCT_BUNDLE_IDENTIFIER = com.alex.sarkisov.Airalo;
				PRODUCT_NAME = "$(TARGET_NAME)";
				SUPPORTED_PLATFORMS = "iphoneos iphonesimulator";
				SUPPORTS_MACCATALYST = NO;
				SUPPORTS_MAC_DESIGNED_FOR_IPHONE_IPAD = NO;
				SWIFT_EMIT_LOC_STRINGS = YES;
				SWIFT_VERSION = 5.0;
				TARGETED_DEVICE_FAMILY = 1;
			};
			name = Debug;
		};
		FA49C15729A9F70F00CE1867 /* Release */ = {
			isa = XCBuildConfiguration;
			buildSettings = {
				ASSETCATALOG_COMPILER_APPICON_NAME = AppIcon;
				CODE_SIGN_STYLE = Automatic;
				CURRENT_PROJECT_VERSION = 1;
				DEVELOPMENT_TEAM = YY84LV8D84;
				GENERATE_INFOPLIST_FILE = YES;
				INFOPLIST_FILE = Airalo/Resources/Info.plist;
				INFOPLIST_KEY_UIApplicationSupportsIndirectInputEvents = YES;
				INFOPLIST_KEY_UILaunchStoryboardName = LaunchScreen;
				INFOPLIST_KEY_UISupportedInterfaceOrientations = UIInterfaceOrientationPortrait;
				INFOPLIST_KEY_UISupportedInterfaceOrientations_iPad = "UIInterfaceOrientationLandscapeLeft UIInterfaceOrientationLandscapeRight UIInterfaceOrientationPortrait UIInterfaceOrientationPortraitUpsideDown";
				LD_RUNPATH_SEARCH_PATHS = (
					"$(inherited)",
					"@executable_path/Frameworks",
				);
				MARKETING_VERSION = 1.0;
				PRODUCT_BUNDLE_IDENTIFIER = com.alex.sarkisov.Airalo;
				PRODUCT_NAME = "$(TARGET_NAME)";
				SUPPORTED_PLATFORMS = "iphoneos iphonesimulator";
				SUPPORTS_MACCATALYST = NO;
				SUPPORTS_MAC_DESIGNED_FOR_IPHONE_IPAD = NO;
				SWIFT_EMIT_LOC_STRINGS = YES;
				SWIFT_VERSION = 5.0;
				TARGETED_DEVICE_FAMILY = 1;
			};
			name = Release;
		};
/* End XCBuildConfiguration section */

/* Begin XCConfigurationList section */
		FA49C13C29A9F70B00CE1867 /* Build configuration list for PBXProject "Airalo" */ = {
			isa = XCConfigurationList;
			buildConfigurations = (
				FA49C15329A9F70F00CE1867 /* Debug */,
				FA49C15429A9F70F00CE1867 /* Release */,
			);
			defaultConfigurationIsVisible = 0;
			defaultConfigurationName = Release;
		};
		FA49C15529A9F70F00CE1867 /* Build configuration list for PBXNativeTarget "Airalo" */ = {
			isa = XCConfigurationList;
			buildConfigurations = (
				FA49C15629A9F70F00CE1867 /* Debug */,
				FA49C15729A9F70F00CE1867 /* Release */,
			);
			defaultConfigurationIsVisible = 0;
			defaultConfigurationName = Release;
		};
/* End XCConfigurationList section */
	};
	rootObject = FA49C13929A9F70B00CE1867 /* Project object */;
}
